
Microsoft Visual Studio Solution File, Format Version 12.00
# Visual Studio Version 17
VisualStudioVersion = 17.4.33205.214
MinimumVisualStudioVersion = 10.0.40219.1
Project("{FAE04EC0-301F-11D3-BF4B-00C04F79EFBC}") = "ADO.NetProject", "ADO.NetProject\ADO.NetProject.csproj", "{288D6529-054A-4932-9C3F-6E1227B2F095}"
EndProject
Global
	GlobalSection(SolutionConfigurationPlatforms) = preSolution
		Debug|Any CPU = Debug|Any CPU
		Release|Any CPU = Release|Any CPU
	EndGlobalSection
	GlobalSection(ProjectConfigurationPlatforms) = postSolution
		{288D6529-054A-4932-9C3F-6E1227B2F095}.Debug|Any CPU.ActiveCfg = Debug|Any CPU
		{288D6529-054A-4932-9C3F-6E1227B2F095}.Debug|Any CPU.Build.0 = Debug|Any CPU
		{288D6529-054A-4932-9C3F-6E1227B2F095}.Release|Any CPU.ActiveCfg = Release|Any CPU
		{288D6529-054A-4932-9C3F-6E1227B2F095}.Release|Any CPU.Build.0 = Release|Any CPU
	EndGlobalSection
	GlobalSection(SolutionProperties) = preSolution
		HideSolutionNode = FALSE
	EndGlobalSection
	GlobalSection(ExtensibilityGlobals) = postSolution
		SolutionGuid = {0C906516-1B3F-4F52-BD8F-4DDDCC65F52B}
	EndGlobalSection
EndGlobal
